
Microsoft Visual Studio Solution File, Format Version 12.00
# Visual Studio Version 17
VisualStudioVersion = 17.8.34511.84
MinimumVisualStudioVersion = 10.0.40219.1
Project("{FAE04EC0-301F-11D3-BF4B-00C04F79EFBC}") = "ConsoleApp15", "ConsoleApp15\ConsoleApp15.csproj", "{26D89AE6-B761-436C-AD11-561B579D2874}"
EndProject
Global
	GlobalSection(SolutionConfigurationPlatforms) = preSolution
		Debug|Any CPU = Debug|Any CPU
		Release|Any CPU = Release|Any CPU
	EndGlobalSection
	GlobalSection(ProjectConfigurationPlatforms) = postSolution
		{26D89AE6-B761-436C-AD11-561B579D2874}.Debug|Any CPU.ActiveCfg = Debug|Any CPU
		{26D89AE6-B761-436C-AD11-561B579D2874}.Debug|Any CPU.Build.0 = Debug|Any CPU
		{26D89AE6-B761-436C-AD11-561B579D2874}.Release|Any CPU.ActiveCfg = Release|Any CPU
		{26D89AE6-B761-436C-AD11-561B579D2874}.Release|Any CPU.Build.0 = Release|Any CPU
	EndGlobalSection
	GlobalSection(SolutionProperties) = preSolution
		HideSolutionNode = FALSE
	EndGlobalSection
	GlobalSection(ExtensibilityGlobals) = postSolution
		SolutionGuid = {837ED8BF-9F2D-4C71-B788-43775110915C}
	EndGlobalSection
EndGlobal
